
Microsoft Visual Studio Solution File, Format Version 12.00
# Visual Studio 14
VisualStudioVersion = 14.0.24720.0
MinimumVisualStudioVersion = 10.0.40219.1
Project("{FAE04EC0-301F-11D3-BF4B-00C04F79EFBC}") = "P01Vehicles", "P01Vehicles\P01Vehicles.csproj", "{3CDE5F8F-DAE0-45FC-9F90-4243D3144FB6}"
EndProject
Project("{FAE04EC0-301F-11D3-BF4B-00C04F79EFBC}") = "P03WildFarm", "P03WildFarm\P03WildFarm.csproj", "{B1468923-CB96-4B93-915E-337D6200F0BA}"
EndProject
Global
	GlobalSection(SolutionConfigurationPlatforms) = preSolution
		Debug|Any CPU = Debug|Any CPU
		Release|Any CPU = Release|Any CPU
	EndGlobalSection
	GlobalSection(ProjectConfigurationPlatforms) = postSolution
		{3CDE5F8F-DAE0-45FC-9F90-4243D3144FB6}.Debug|Any CPU.ActiveCfg = Debug|Any CPU
		{3CDE5F8F-DAE0-45FC-9F90-4243D3144FB6}.Debug|Any CPU.Build.0 = Debug|Any CPU
		{3CDE5F8F-DAE0-45FC-9F90-4243D3144FB6}.Release|Any CPU.ActiveCfg = Release|Any CPU
		{3CDE5F8F-DAE0-45FC-9F90-4243D3144FB6}.Release|Any CPU.Build.0 = Release|Any CPU
		{B1468923-CB96-4B93-915E-337D6200F0BA}.Debug|Any CPU.ActiveCfg = Debug|Any CPU
		{B1468923-CB96-4B93-915E-337D6200F0BA}.Debug|Any CPU.Build.0 = Debug|Any CPU
		{B1468923-CB96-4B93-915E-337D6200F0BA}.Release|Any CPU.ActiveCfg = Release|Any CPU
		{B1468923-CB96-4B93-915E-337D6200F0BA}.Release|Any CPU.Build.0 = Release|Any CPU
	EndGlobalSection
	GlobalSection(SolutionProperties) = preSolution
		HideSolutionNode = FALSE
	EndGlobalSection
EndGlobal
