
Microsoft Visual Studio Solution File, Format Version 12.00
# Visual Studio 14
VisualStudioVersion = 14.0.24720.0
MinimumVisualStudioVersion = 10.0.40219.1
Project("{FAE04EC0-301F-11D3-BF4B-00C04F79EFBC}") = "P01DefineAClassPerson", "P01DefineAClassPerson\P01DefineAClassPerson.csproj", "{4D435D21-22B7-47AF-8C43-AD8B26FD41F9}"
EndProject
Project("{FAE04EC0-301F-11D3-BF4B-00C04F79EFBC}") = "P05SpeedRacing", "P05SpeedRacing\P05SpeedRacing.csproj", "{4544A58D-F5D5-40E0-A36F-D858DEB571F8}"
EndProject
Project("{FAE04EC0-301F-11D3-BF4B-00C04F79EFBC}") = "P03OpinionPoll", "P03OpinionPoll\P03OpinionPoll.csproj", "{31A9A0C9-14BC-4016-B08D-702CB73DD7B3}"
EndProject
Project("{FAE04EC0-301F-11D3-BF4B-00C04F79EFBC}") = "P04CompanyRoster", "P04CompanyRoster\P04CompanyRoster.csproj", "{7EB1C4B9-AE41-4457-AFB0-7FD5E504AD6C}"
EndProject
Project("{FAE04EC0-301F-11D3-BF4B-00C04F79EFBC}") = "P06RawData", "P06RawData\P06RawData.csproj", "{E038975C-9D6B-436D-81C3-5CB485E6212F}"
EndProject
Project("{FAE04EC0-301F-11D3-BF4B-00C04F79EFBC}") = "P07CarSalesman", "P07CarSalesman\P07CarSalesman.csproj", "{04351844-F6F4-4D27-849D-5E4BF546A416}"
EndProject
Project("{FAE04EC0-301F-11D3-BF4B-00C04F79EFBC}") = "P08PokemonTrainer", "P08PokemonTrainer\P08PokemonTrainer.csproj", "{A1B51448-7F76-4A0C-8C93-A604B9EA4FE2}"
EndProject
Project("{FAE04EC0-301F-11D3-BF4B-00C04F79EFBC}") = "P09Google", "P09Google\P09Google.csproj", "{EF9AC64E-BF6B-47DF-A118-884D0A6AA07F}"
EndProject
Global
	GlobalSection(SolutionConfigurationPlatforms) = preSolution
		Debug|Any CPU = Debug|Any CPU
		Release|Any CPU = Release|Any CPU
	EndGlobalSection
	GlobalSection(ProjectConfigurationPlatforms) = postSolution
		{4D435D21-22B7-47AF-8C43-AD8B26FD41F9}.Debug|Any CPU.ActiveCfg = Debug|Any CPU
		{4D435D21-22B7-47AF-8C43-AD8B26FD41F9}.Debug|Any CPU.Build.0 = Debug|Any CPU
		{4D435D21-22B7-47AF-8C43-AD8B26FD41F9}.Release|Any CPU.ActiveCfg = Release|Any CPU
		{4D435D21-22B7-47AF-8C43-AD8B26FD41F9}.Release|Any CPU.Build.0 = Release|Any CPU
		{4544A58D-F5D5-40E0-A36F-D858DEB571F8}.Debug|Any CPU.ActiveCfg = Debug|Any CPU
		{4544A58D-F5D5-40E0-A36F-D858DEB571F8}.Debug|Any CPU.Build.0 = Debug|Any CPU
		{4544A58D-F5D5-40E0-A36F-D858DEB571F8}.Release|Any CPU.ActiveCfg = Release|Any CPU
		{4544A58D-F5D5-40E0-A36F-D858DEB571F8}.Release|Any CPU.Build.0 = Release|Any CPU
		{31A9A0C9-14BC-4016-B08D-702CB73DD7B3}.Debug|Any CPU.ActiveCfg = Debug|Any CPU
		{31A9A0C9-14BC-4016-B08D-702CB73DD7B3}.Debug|Any CPU.Build.0 = Debug|Any CPU
		{31A9A0C9-14BC-4016-B08D-702CB73DD7B3}.Release|Any CPU.ActiveCfg = Release|Any CPU
		{31A9A0C9-14BC-4016-B08D-702CB73DD7B3}.Release|Any CPU.Build.0 = Release|Any CPU
		{7EB1C4B9-AE41-4457-AFB0-7FD5E504AD6C}.Debug|Any CPU.ActiveCfg = Debug|Any CPU
		{7EB1C4B9-AE41-4457-AFB0-7FD5E504AD6C}.Debug|Any CPU.Build.0 = Debug|Any CPU
		{7EB1C4B9-AE41-4457-AFB0-7FD5E504AD6C}.Release|Any CPU.ActiveCfg = Release|Any CPU
		{7EB1C4B9-AE41-4457-AFB0-7FD5E504AD6C}.Release|Any CPU.Build.0 = Release|Any CPU
		{E038975C-9D6B-436D-81C3-5CB485E6212F}.Debug|Any CPU.ActiveCfg = Debug|Any CPU
		{E038975C-9D6B-436D-81C3-5CB485E6212F}.Debug|Any CPU.Build.0 = Debug|Any CPU
		{E038975C-9D6B-436D-81C3-5CB485E6212F}.Release|Any CPU.ActiveCfg = Release|Any CPU
		{E038975C-9D6B-436D-81C3-5CB485E6212F}.Release|Any CPU.Build.0 = Release|Any CPU
		{04351844-F6F4-4D27-849D-5E4BF546A416}.Debug|Any CPU.ActiveCfg = Debug|Any CPU
		{04351844-F6F4-4D27-849D-5E4BF546A416}.Debug|Any CPU.Build.0 = Debug|Any CPU
		{04351844-F6F4-4D27-849D-5E4BF546A416}.Release|Any CPU.ActiveCfg = Release|Any CPU
		{04351844-F6F4-4D27-849D-5E4BF546A416}.Release|Any CPU.Build.0 = Release|Any CPU
		{A1B51448-7F76-4A0C-8C93-A604B9EA4FE2}.Debug|Any CPU.ActiveCfg = Debug|Any CPU
		{A1B51448-7F76-4A0C-8C93-A604B9EA4FE2}.Debug|Any CPU.Build.0 = Debug|Any CPU
		{A1B51448-7F76-4A0C-8C93-A604B9EA4FE2}.Release|Any CPU.ActiveCfg = Release|Any CPU
		{A1B51448-7F76-4A0C-8C93-A604B9EA4FE2}.Release|Any CPU.Build.0 = Release|Any CPU
		{EF9AC64E-BF6B-47DF-A118-884D0A6AA07F}.Debug|Any CPU.ActiveCfg = Debug|Any CPU
		{EF9AC64E-BF6B-47DF-A118-884D0A6AA07F}.Debug|Any CPU.Build.0 = Debug|Any CPU
		{EF9AC64E-BF6B-47DF-A118-884D0A6AA07F}.Release|Any CPU.ActiveCfg = Release|Any CPU
		{EF9AC64E-BF6B-47DF-A118-884D0A6AA07F}.Release|Any CPU.Build.0 = Release|Any CPU
	EndGlobalSection
	GlobalSection(SolutionProperties) = preSolution
		HideSolutionNode = FALSE
	EndGlobalSection
EndGlobal
